{
    "_meta": {
        "hash": {
            "sha256": "5bb0eeb9f1a334d1dc2c5dbd68d91b3e2cab9e8ea527f3cf3cce266fab68020f"
        },
        "pipfile-spec": 6,
        "requires": {
            "python_version": "3.12"
        },
        "sources": [
            {
                "name": "pypi",
                "url": "https://pypi.org/simple",
                "verify_ssl": true
            }
        ]
    },
    "default": {
        "urllib3": {
            "hashes": [
                "sha256:c90f7a39f716c572c4e3e58509581ebd83f9b59cced005b7db7ad2d22b0db99f",
                "sha256:cb9bcef5a4b345d5da5d145dc3e30834f58e8018828cbc724d30b4cb7d4d49f1"
            ],
            "index": "pypi",
            "markers": "python_version >= '3.9'",
            "version": "==2.6.0"
        }
    },
    "develop": {}
}
